
Microsoft Visual Studio Solution File, Format Version 11.00
# Visual Studio 2010
Project("{FAE04EC0-301F-11D3-BF4B-00C04F79EFBC}") = "BankSystem", "BankSystem\BankSystem.csproj", "{C37E3BFD-74C2-4B60-B26A-8DF8A6F012B6}"
EndProject
Global
	GlobalSection(SolutionConfigurationPlatforms) = preSolution
		Debug|x86 = Debug|x86
		Release|x86 = Release|x86
	EndGlobalSection
	GlobalSection(ProjectConfigurationPlatforms) = postSolution
		{C37E3BFD-74C2-4B60-B26A-8DF8A6F012B6}.Debug|x86.ActiveCfg = Debug|x86
		{C37E3BFD-74C2-4B60-B26A-8DF8A6F012B6}.Debug|x86.Build.0 = Debug|x86
		{C37E3BFD-74C2-4B60-B26A-8DF8A6F012B6}.Release|x86.ActiveCfg = Release|x86
		{C37E3BFD-74C2-4B60-B26A-8DF8A6F012B6}.Release|x86.Build.0 = Release|x86
	EndGlobalSection
	GlobalSection(SolutionProperties) = preSolution
		HideSolutionNode = FALSE
	EndGlobalSection
EndGlobal
